
Microsoft Visual Studio Solution File, Format Version 12.00
# Visual Studio 15
VisualStudioVersion = 15.0.28307.852
MinimumVisualStudioVersion = 10.0.40219.1
Project("{FAE04EC0-301F-11D3-BF4B-00C04F79EFBC}") = "OnBoardFlight", "OnBoardFlight\OnBoardFlight.csproj", "{DDA514A7-204A-4A01-B77B-33F24B5FE0EB}"
EndProject
Global
	GlobalSection(SolutionConfigurationPlatforms) = preSolution
		Debug|Any CPU = Debug|Any CPU
		Release|Any CPU = Release|Any CPU
	EndGlobalSection
	GlobalSection(ProjectConfigurationPlatforms) = postSolution
		{DDA514A7-204A-4A01-B77B-33F24B5FE0EB}.Debug|Any CPU.ActiveCfg = Debug|Any CPU
		{DDA514A7-204A-4A01-B77B-33F24B5FE0EB}.Debug|Any CPU.Build.0 = Debug|Any CPU
		{DDA514A7-204A-4A01-B77B-33F24B5FE0EB}.Release|Any CPU.ActiveCfg = Release|Any CPU
		{DDA514A7-204A-4A01-B77B-33F24B5FE0EB}.Release|Any CPU.Build.0 = Release|Any CPU
	EndGlobalSection
	GlobalSection(SolutionProperties) = preSolution
		HideSolutionNode = FALSE
	EndGlobalSection
	GlobalSection(ExtensibilityGlobals) = postSolution
		SolutionGuid = {6EA7589B-D9E1-4010-8B54-20D059DABD3E}
	EndGlobalSection
EndGlobal
